github.com/cristalhq/aconfig v0.16.2 h1:cN+y3rtHyK9ar7NRiY4E+USs07P2qnZnGeZfNzXoV2g=
github.com/cristalhq/aconfig v0.16.2/go.mod h1:NXaRp+1e6bkO4dJn+wZ71xyaihMDYPtCSvEhMTm/H3E=
github.com/cristalhq/dbumper v0.0.2/go.mod h1:OmvkjdXCyNuyxVNS1belJUjB2jFgzxlhn5snPVPI9Ag=
github.com/cristalhq/dbumper/dbump v0.0.0-20210807080839-ddbf705f1719 h1:7BhB5MAv8APe/WbdXDDmOU2sKTF30fQRkhvxXF30e7M=
github.com/cristalhq/dbumper/dbump v0.0.0-20210807080839-ddbf705f1719/go.mod h1:sAxu10FH/gBvGQKvmhaQOgUVgVJeIoWXb9dRakEEoKs=
github.com/cristalhq/dbumper/dbumpmysql v0.0.0-20210807070854-817b81988f9e h1:ztZjs0xkOqxdMl+/7jrGHp1FJXKE6rog0p7gX25z4/Y=
github.com/cristalhq/dbumper/dbumpmysql v0.0.0-20210807070854-817b81988f9e/go.mod h1:Sa6FcEfCQsBz//GCYfh9muvCbsmDDaZqDfYrPuDdGq0=
github.com/cristalhq/dbumper/dbumppg v0.0.0-20210807070854-817b81988f9e h1:p3MIf3sWLwF/6tMqpnM9vzcKwwwnBGEjqDquMM0xzQA=
github.com/cristalhq/dbumper/dbumppg v0.0.0-20210807070854-817b81988f9e/go.mod h1:Z3jLDPrp0eCnCPQtvVgx9BqxpBrvRqboCP3rHts94A0=
